// !$*UTF8*$!
{
	archiveVersion = 1;
	classes = {
	};
	objectVersion = 46;
	objects = {

/* Begin PBXBuildFile section */
		CF849EF41A170ACB0074B4DA /* AppDelegate.swift in Sources */ = {isa = PBXBuildFile; fileRef = CF849EF31A170ACB0074B4DA /* AppDelegate.swift */; };
		CF849EF61A170ACB0074B4DA /* ViewController.swift in Sources */ = {isa = PBXBuildFile; fileRef = CF849EF51A170ACB0074B4DA /* ViewController.swift */; };
		CF849EF91A170ACB0074B4DA /* Main.storyboard in Resources */ = {isa = PBXBuildFile; fileRef = CF849EF71A170ACB0074B4DA /* Main.storyboard */; };
		CF849EFB1A170ACB0074B4DA /* Images.xcassets in Resources */ = {isa = PBXBuildFile; fileRef = CF849EFA1A170ACB0074B4DA /* Images.xcassets */; };
		CF849EFE1A170ACB0074B4DA /* LaunchScreen.xib in Resources */ = {isa = PBXBuildFile; fileRef = CF849EFC1A170ACB0074B4DA /* LaunchScreen.xib */; };
		CF849F0A1A170ACB0074B4DA /* BikestackTests.swift in Sources */ = {isa = PBXBuildFile; fileRef = CF849F091A170ACB0074B4DA /* BikestackTests.swift */; };
		CF849F141A170AF60074B4DA /* BSSpot.swift in Sources */ = {isa = PBXBuildFile; fileRef = CF849F131A170AF60074B4DA /* BSSpot.swift */; };
		CF849F161A170B6E0074B4DA /* FileHTTPRequestSerializer.swift in Sources */ = {isa = PBXBuildFile; fileRef = CF849F151A170B6E0074B4DA /* FileHTTPRequestSerializer.swift */; };
		CF849F181A170B9D0074B4DA /* HTTPResponseSerializer.swift in Sources */ = {isa = PBXBuildFile; fileRef = CF849F171A170B9D0074B4DA /* HTTPResponseSerializer.swift */; };
		CF849F1A1A170BC70074B4DA /* HTTPTask.swift in Sources */ = {isa = PBXBuildFile; fileRef = CF849F191A170BC70074B4DA /* HTTPTask.swift */; };
		CF849F1C1A170BFA0074B4DA /* HTTPUpload.swift in Sources */ = {isa = PBXBuildFile; fileRef = CF849F1B1A170BFA0074B4DA /* HTTPUpload.swift */; };
		CF849F1E1A170C220074B4DA /* MapKit.framework in Frameworks */ = {isa = PBXBuildFile; fileRef = CF849F1D1A170C220074B4DA /* MapKit.framework */; };
		CF849F231A17B5A20074B4DA /* locationArrow.png in Resources */ = {isa = PBXBuildFile; fileRef = CF849F221A17B5A20074B4DA /* locationArrow.png */; };
		CF849F251A17BC610074B4DA /* addSpot.png in Resources */ = {isa = PBXBuildFile; fileRef = CF849F241A17BC610074B4DA /* addSpot.png */; };
		CF849F271A17C0E80074B4DA /* addSpot@2x.png in Resources */ = {isa = PBXBuildFile; fileRef = CF849F261A17C0E80074B4DA /* addSpot@2x.png */; };
		CF849F2B1A17C3DB0074B4DA /* BSSpotAnnotation.swift in Sources */ = {isa = PBXBuildFile; fileRef = CF849F2A1A17C3DB0074B4DA /* BSSpotAnnotation.swift */; };
		CF849F2D1A17F5EE0074B4DA /* exampleBikeRack.jpg in Resources */ = {isa = PBXBuildFile; fileRef = CF849F2C1A17F5EE0074B4DA /* exampleBikeRack.jpg */; };
		CF849F2F1A17FC0D0074B4DA /* locationArrow@2x.png in Resources */ = {isa = PBXBuildFile; fileRef = CF849F2E1A17FC0D0074B4DA /* locationArrow@2x.png */; };
/* End PBXBuildFile section */

/* Begin PBXContainerItemProxy section */
		CF849F041A170ACB0074B4DA /* PBXContainerItemProxy */ = {
			isa = PBXContainerItemProxy;
			containerPortal = CF849EE61A170ACB0074B4DA /* Project object */;
			proxyType = 1;
			remoteGlobalIDString = CF849EED1A170ACB0074B4DA;
			remoteInfo = Bikestack;
		};
/* End PBXContainerItemProxy section */

/* Begin PBXFileReference section */
		CF849EEE1A170ACB0074B4DA /* Bikestack.app */ = {isa = PBXFileReference; explicitFileType = wrapper.application; includeInIndex = 0; path = Bikestack.app; sourceTree = BUILT_PRODUCTS_DIR; };
		CF849EF21A170ACB0074B4DA /* Info.plist */ = {isa = PBXFileReference; lastKnownFileType = text.plist.xml; path = Info.plist; sourceTree = "<group>"; };
		CF849EF31A170ACB0074B4DA /* AppDelegate.swift */ = {isa = PBXFileReference; lastKnownFileType = sourcecode.swift; path = AppDelegate.swift; sourceTree = "<group>"; };
		CF849EF51A170ACB0074B4DA /* ViewController.swift */ = {isa = PBXFileReference; lastKnownFileType = sourcecode.swift; path = ViewController.swift; sourceTree = "<group>"; };
		CF849EF81A170ACB0074B4DA /* Base */ = {isa = PBXFileReference; lastKnownFileType = file.storyboard; name = Base; path = Base.lproj/Main.storyboard; sourceTree = "<group>"; };
		CF849EFA1A170ACB0074B4DA /* Images.xcassets */ = {isa = PBXFileReference; lastKnownFileType = folder.assetcatalog; path = Images.xcassets; sourceTree = "<group>"; };
		CF849EFD1A170ACB0074B4DA /* Base */ = {isa = PBXFileReference; lastKnownFileType = file.xib; name = Base; path = Base.lproj/LaunchScreen.xib; sourceTree = "<group>"; };
		CF849F031A170ACB0074B4DA /* BikestackTests.xctest */ = {isa = PBXFileReference; explicitFileType = wrapper.cfbundle; includeInIndex = 0; path = BikestackTests.xctest; sourceTree = BUILT_PRODUCTS_DIR; };
		CF849F081A170ACB0074B4DA /* Info.plist */ = {isa = PBXFileReference; lastKnownFileType = text.plist.xml; path = Info.plist; sourceTree = "<group>"; };
		CF849F091A170ACB0074B4DA /* BikestackTests.swift */ = {isa = PBXFileReference; lastKnownFileType = sourcecode.swift; path = BikestackTests.swift; sourceTree = "<group>"; };
		CF849F131A170AF60074B4DA /* BSSpot.swift */ = {isa = PBXFileReference; fileEncoding = 4; lastKnownFileType = sourcecode.swift; path = BSSpot.swift; sourceTree = "<group>"; };
		CF849F151A170B6E0074B4DA /* FileHTTPRequestSerializer.swift */ = {isa = PBXFileReference; fileEncoding = 4; lastKnownFileType = sourcecode.swift; path = FileHTTPRequestSerializer.swift; sourceTree = "<group>"; };
		CF849F171A170B9D0074B4DA /* HTTPResponseSerializer.swift */ = {isa = PBXFileReference; fileEncoding = 4; lastKnownFileType = sourcecode.swift; path = HTTPResponseSerializer.swift; sourceTree = "<group>"; };
		CF849F191A170BC70074B4DA /* HTTPTask.swift */ = {isa = PBXFileReference; fileEncoding = 4; lastKnownFileType = sourcecode.swift; path = HTTPTask.swift; sourceTree = "<group>"; };
		CF849F1B1A170BFA0074B4DA /* HTTPUpload.swift */ = {isa = PBXFileReference; fileEncoding = 4; lastKnownFileType = sourcecode.swift; path = HTTPUpload.swift; sourceTree = "<group>"; };
		CF849F1D1A170C220074B4DA /* MapKit.framework */ = {isa = PBXFileReference; lastKnownFileType = wrapper.framework; name = MapKit.framework; path = System/Library/Frameworks/MapKit.framework; sourceTree = SDKROOT; };
		CF849F221A17B5A20074B4DA /* locationArrow.png */ = {isa = PBXFileReference; lastKnownFileType = image.png; name = locationArrow.png; path = ../../../images/locationArrow.png; sourceTree = "<group>"; };
		CF849F241A17BC610074B4DA /* addSpot.png */ = {isa = PBXFileReference; lastKnownFileType = image.png; name = addSpot.png; path = ../../../images/addSpot.png; sourceTree = "<group>"; };
		CF849F261A17C0E80074B4DA /* addSpot@2x.png */ = {isa = PBXFileReference; lastKnownFileType = image.png; name = "addSpot@2x.png"; path = "../../../images/addSpot@2x.png"; sourceTree = "<group>"; };
		CF849F2A1A17C3DB0074B4DA /* BSSpotAnnotation.swift */ = {isa = PBXFileReference; fileEncoding = 4; lastKnownFileType = sourcecode.swift; path = BSSpotAnnotation.swift; sourceTree = "<group>"; };
		CF849F2C1A17F5EE0074B4DA /* exampleBikeRack.jpg */ = {isa = PBXFileReference; lastKnownFileType = image.jpeg; name = exampleBikeRack.jpg; path = ../../../images/exampleBikeRack.jpg; sourceTree = "<group>"; };
		CF849F2E1A17FC0D0074B4DA /* locationArrow@2x.png */ = {isa = PBXFileReference; lastKnownFileType = image.png; name = "locationArrow@2x.png"; path = "../../../images/locationArrow@2x.png"; sourceTree = "<group>"; };
/* End PBXFileReference section */

/* Begin PBXFrameworksBuildPhase section */
		CF849EEB1A170ACB0074B4DA /* Frameworks */ = {
			isa = PBXFrameworksBuildPhase;
			buildActionMask = 2147483647;
			files = (
				CF849F1E1A170C220074B4DA /* MapKit.framework in Frameworks */,
			);
			runOnlyForDeploymentPostprocessing = 0;
		};
		CF849F001A170ACB0074B4DA /* Frameworks */ = {
			isa = PBXFrameworksBuildPhase;
			buildActionMask = 2147483647;
			files = (
			);
			runOnlyForDeploymentPostprocessing = 0;
		};
/* End PBXFrameworksBuildPhase section */

/* Begin PBXGroup section */
		CF849EE51A170ACB0074B4DA = {
			isa = PBXGroup;
			children = (
				CF849F1D1A170C220074B4DA /* MapKit.framework */,
				CF849EF01A170ACB0074B4DA /* Bikestack */,
				CF849F061A170ACB0074B4DA /* BikestackTests */,
				CF849EEF1A170ACB0074B4DA /* Products */,
			);
			sourceTree = "<group>";
		};
		CF849EEF1A170ACB0074B4DA /* Products */ = {
			isa = PBXGroup;
			children = (
				CF849EEE1A170ACB0074B4DA /* Bikestack.app */,
				CF849F031A170ACB0074B4DA /* BikestackTests.xctest */,
			);
			name = Products;
			sourceTree = "<group>";
		};
		CF849EF01A170ACB0074B4DA /* Bikestack */ = {
			isa = PBXGroup;
			children = (
				CF849F1F1A17B47E0074B4DA /* images */,
				CF849EF31A170ACB0074B4DA /* AppDelegate.swift */,
				CF849EF51A170ACB0074B4DA /* ViewController.swift */,
				CF849F131A170AF60074B4DA /* BSSpot.swift */,
				CF849F2A1A17C3DB0074B4DA /* BSSpotAnnotation.swift */,
				CF849F151A170B6E0074B4DA /* FileHTTPRequestSerializer.swift */,
				CF849F171A170B9D0074B4DA /* HTTPResponseSerializer.swift */,
				CF849F191A170BC70074B4DA /* HTTPTask.swift */,
				CF849F1B1A170BFA0074B4DA /* HTTPUpload.swift */,
				CF849EF71A170ACB0074B4DA /* Main.storyboard */,
				CF849EFA1A170ACB0074B4DA /* Images.xcassets */,
				CF849EFC1A170ACB0074B4DA /* LaunchScreen.xib */,
				CF849EF11A170ACB0074B4DA /* Supporting Files */,
			);
			path = Bikestack;
			sourceTree = "<group>";
		};
		CF849EF11A170ACB0074B4DA /* Supporting Files */ = {
			isa = PBXGroup;
			children = (
				CF849EF21A170ACB0074B4DA /* Info.plist */,
			);
			name = "Supporting Files";
			sourceTree = "<group>";
		};
		CF849F061A170ACB0074B4DA /* BikestackTests */ = {
			isa = PBXGroup;
			children = (
				CF849F091A170ACB0074B4DA /* BikestackTests.swift */,
				CF849F071A170ACB0074B4DA /* Supporting Files */,
			);
			path = BikestackTests;
			sourceTree = "<group>";
		};
		CF849F071A170ACB0074B4DA /* Supporting Files */ = {
			isa = PBXGroup;
			children = (
				CF849F081A170ACB0074B4DA /* Info.plist */,
			);
			name = "Supporting Files";
			sourceTree = "<group>";
		};
		CF849F1F1A17B47E0074B4DA /* images */ = {
			isa = PBXGroup;
			children = (
				CF849F2E1A17FC0D0074B4DA /* locationArrow@2x.png */,
				CF849F2C1A17F5EE0074B4DA /* exampleBikeRack.jpg */,
				CF849F261A17C0E80074B4DA /* addSpot@2x.png */,
				CF849F221A17B5A20074B4DA /* locationArrow.png */,
				CF849F241A17BC610074B4DA /* addSpot.png */,
			);
			name = images;
			sourceTree = "<group>";
		};
/* End PBXGroup section */

/* Begin PBXNativeTarget section */
		CF849EED1A170ACB0074B4DA /* Bikestack */ = {
			isa = PBXNativeTarget;
			buildConfigurationList = CF849F0D1A170ACB0074B4DA /* Build configuration list for PBXNativeTarget "Bikestack" */;
			buildPhases = (
				CF849EEA1A170ACB0074B4DA /* Sources */,
				CF849EEB1A170ACB0074B4DA /* Frameworks */,
				CF849EEC1A170ACB0074B4DA /* Resources */,
			);
			buildRules = (
			);
			dependencies = (
			);
			name = Bikestack;
			productName = Bikestack;
			productReference = CF849EEE1A170ACB0074B4DA /* Bikestack.app */;
			productType = "com.apple.product-type.application";
		};
		CF849F021A170ACB0074B4DA /* BikestackTests */ = {
			isa = PBXNativeTarget;
			buildConfigurationList = CF849F101A170ACB0074B4DA /* Build configuration list for PBXNativeTarget "BikestackTests" */;
			buildPhases = (
				CF849EFF1A170ACB0074B4DA /* Sources */,
				CF849F001A170ACB0074B4DA /* Frameworks */,
				CF849F011A170ACB0074B4DA /* Resources */,
			);
			buildRules = (
			);
			dependencies = (
				CF849F051A170ACB0074B4DA /* PBXTargetDependency */,
			);
			name = BikestackTests;
			productName = BikestackTests;
			productReference = CF849F031A170ACB0074B4DA /* BikestackTests.xctest */;
			productType = "com.apple.product-type.bundle.unit-test";
		};
/* End PBXNativeTarget section */

/* Begin PBXProject section */
		CF849EE61A170ACB0074B4DA /* Project object */ = {
			isa = PBXProject;
			attributes = {
				LastUpgradeCheck = 0610;
				ORGANIZATIONNAME = obycode;
				TargetAttributes = {
					CF849EED1A170ACB0074B4DA = {
						CreatedOnToolsVersion = 6.1;
						SystemCapabilities = {
							com.apple.Maps.iOS = {
								enabled = 1;
							};
						};
					};
					CF849F021A170ACB0074B4DA = {
						CreatedOnToolsVersion = 6.1;
						TestTargetID = CF849EED1A170ACB0074B4DA;
					};
				};
			};
			buildConfigurationList = CF849EE91A170ACB0074B4DA /* Build configuration list for PBXProject "Bikestack" */;
			compatibilityVersion = "Xcode 3.2";
			developmentRegion = English;
			hasScannedForEncodings = 0;
			knownRegions = (
				en,
				Base,
			);
			mainGroup = CF849EE51A170ACB0074B4DA;
			productRefGroup = CF849EEF1A170ACB0074B4DA /* Products */;
			projectDirPath = "";
			projectRoot = "";
			targets = (
				CF849EED1A170ACB0074B4DA /* Bikestack */,
				CF849F021A170ACB0074B4DA /* BikestackTests */,
			);
		};
/* End PBXProject section */

/* Begin PBXResourcesBuildPhase section */
		CF849EEC1A170ACB0074B4DA /* Resources */ = {
			isa = PBXResourcesBuildPhase;
			buildActionMask = 2147483647;
			files = (
				CF849F2D1A17F5EE0074B4DA /* exampleBikeRack.jpg in Resources */,
				CF849F271A17C0E80074B4DA /* addSpot@2x.png in Resources */,
				CF849F231A17B5A20074B4DA /* locationArrow.png in Resources */,
				CF849EF91A170ACB0074B4DA /* Main.storyboard in Resources */,
				CF849EFE1A170ACB0074B4DA /* LaunchScreen.xib in Resources */,
				CF849F2F1A17FC0D0074B4DA /* locationArrow@2x.png in Resources */,
				CF849EFB1A170ACB0074B4DA /* Images.xcassets in Resources */,
				CF849F251A17BC610074B4DA /* addSpot.png in Resources */,
			);
			runOnlyForDeploymentPostprocessing = 0;
		};
		CF849F011A170ACB0074B4DA /* Resources */ = {
			isa = PBXResourcesBuildPhase;
			buildActionMask = 2147483647;
			files = (
			);
			runOnlyForDeploymentPostprocessing = 0;
		};
/* End PBXResourcesBuildPhase section */

/* Begin PBXSourcesBuildPhase section */
		CF849EEA1A170ACB0074B4DA /* Sources */ = {
			isa = PBXSourcesBuildPhase;
			buildActionMask = 2147483647;
			files = (
				CF849F1A1A170BC70074B4DA /* HTTPTask.swift in Sources */,
				CF849F141A170AF60074B4DA /* BSSpot.swift in Sources */,
				CF849F1C1A170BFA0074B4DA /* HTTPUpload.swift in Sources */,
				CF849F161A170B6E0074B4DA /* FileHTTPRequestSerializer.swift in Sources */,
				CF849EF61A170ACB0074B4DA /* ViewController.swift in Sources */,
				CF849EF41A170ACB0074B4DA /* AppDelegate.swift in Sources */,
				CF849F181A170B9D0074B4DA /* HTTPResponseSerializer.swift in Sources */,
				CF849F2B1A17C3DB0074B4DA /* BSSpotAnnotation.swift in Sources */,
			);
			runOnlyForDeploymentPostprocessing = 0;
		};
		CF849EFF1A170ACB0074B4DA /* Sources */ = {
			isa = PBXSourcesBuildPhase;
			buildActionMask = 2147483647;
			files = (
				CF849F0A1A170ACB0074B4DA /* BikestackTests.swift in Sources */,
			);
			runOnlyForDeploymentPostprocessing = 0;
		};
/* End PBXSourcesBuildPhase section */

/* Begin PBXTargetDependency section */
		CF849F051A170ACB0074B4DA /* PBXTargetDependency */ = {
			isa = PBXTargetDependency;
			target = CF849EED1A170ACB0074B4DA /* Bikestack */;
			targetProxy = CF849F041A170ACB0074B4DA /* PBXContainerItemProxy */;
		};
/* End PBXTargetDependency section */

/* Begin PBXVariantGroup section */
		CF849EF71A170ACB0074B4DA /* Main.storyboard */ = {
			isa = PBXVariantGroup;
			children = (
				CF849EF81A170ACB0074B4DA /* Base */,
			);
			name = Main.storyboard;
			sourceTree = "<group>";
		};
		CF849EFC1A170ACB0074B4DA /* LaunchScreen.xib */ = {
			isa = PBXVariantGroup;
			children = (
				CF849EFD1A170ACB0074B4DA /* Base */,
			);
			name = LaunchScreen.xib;
			sourceTree = "<group>";
		};
/* End PBXVariantGroup section */

/* Begin XCBuildConfiguration section */
		CF849F0B1A170ACB0074B4DA /* Debug */ = {
			isa = XCBuildConfiguration;
			buildSettings = {
				ALWAYS_SEARCH_USER_PATHS = NO;
				CLANG_CXX_LANGUAGE_STANDARD = "gnu++0x";
				CLANG_CXX_LIBRARY = "libc++";
				CLANG_ENABLE_MODULES = YES;
				CLANG_ENABLE_OBJC_ARC = YES;
				CLANG_WARN_BOOL_CONVERSION = YES;
				CLANG_WARN_CONSTANT_CONVERSION = YES;
				CLANG_WARN_DIRECT_OBJC_ISA_USAGE = YES_ERROR;
				CLANG_WARN_EMPTY_BODY = YES;
				CLANG_WARN_ENUM_CONVERSION = YES;
				CLANG_WARN_INT_CONVERSION = YES;
				CLANG_WARN_OBJC_ROOT_CLASS = YES_ERROR;
				CLANG_WARN_UNREACHABLE_CODE = YES;
				CLANG_WARN__DUPLICATE_METHOD_MATCH = YES;
				"CODE_SIGN_IDENTITY[sdk=iphoneos*]" = "iPhone Developer";
				COPY_PHASE_STRIP = NO;
				ENABLE_STRICT_OBJC_MSGSEND = YES;
				GCC_C_LANGUAGE_STANDARD = gnu99;
				GCC_DYNAMIC_NO_PIC = NO;
				GCC_OPTIMIZATION_LEVEL = 0;
				GCC_PREPROCESSOR_DEFINITIONS = (
					"DEBUG=1",
					"$(inherited)",
				);
				GCC_SYMBOLS_PRIVATE_EXTERN = NO;
				GCC_WARN_64_TO_32_BIT_CONVERSION = YES;
				GCC_WARN_ABOUT_RETURN_TYPE = YES_ERROR;
				GCC_WARN_UNDECLARED_SELECTOR = YES;
				GCC_WARN_UNINITIALIZED_AUTOS = YES_AGGRESSIVE;
				GCC_WARN_UNUSED_FUNCTION = YES;
				GCC_WARN_UNUSED_VARIABLE = YES;
				IPHONEOS_DEPLOYMENT_TARGET = 8.1;
				MTL_ENABLE_DEBUG_INFO = YES;
				ONLY_ACTIVE_ARCH = YES;
				SDKROOT = iphoneos;
				SWIFT_OPTIMIZATION_LEVEL = "-Onone";
			};
			name = Debug;
		};
		CF849F0C1A170ACB0074B4DA /* Release */ = {
			isa = XCBuildConfiguration;
			buildSettings = {
				ALWAYS_SEARCH_USER_PATHS = NO;
				CLANG_CXX_LANGUAGE_STANDARD = "gnu++0x";
				CLANG_CXX_LIBRARY = "libc++";
				CLANG_ENABLE_MODULES = YES;
				CLANG_ENABLE_OBJC_ARC = YES;
				CLANG_WARN_BOOL_CONVERSION = YES;
				CLANG_WARN_CONSTANT_CONVERSION = YES;
				CLANG_WARN_DIRECT_OBJC_ISA_USAGE = YES_ERROR;
				CLANG_WARN_EMPTY_BODY = YES;
				CLANG_WARN_ENUM_CONVERSION = YES;
				CLANG_WARN_INT_CONVERSION = YES;
				CLANG_WARN_OBJC_ROOT_CLASS = YES_ERROR;
				CLANG_WARN_UNREACHABLE_CODE = YES;
				CLANG_WARN__DUPLICATE_METHOD_MATCH = YES;
				"CODE_SIGN_IDENTITY[sdk=iphoneos*]" = "iPhone Developer";
				COPY_PHASE_STRIP = YES;
				ENABLE_NS_ASSERTIONS = NO;
				ENABLE_STRICT_OBJC_MSGSEND = YES;
				GCC_C_LANGUAGE_STANDARD = gnu99;
				GCC_WARN_64_TO_32_BIT_CONVERSION = YES;
				GCC_WARN_ABOUT_RETURN_TYPE = YES_ERROR;
				GCC_WARN_UNDECLARED_SELECTOR = YES;
				GCC_WARN_UNINITIALIZED_AUTOS = YES_AGGRESSIVE;
				GCC_WARN_UNUSED_FUNCTION = YES;
				GCC_WARN_UNUSED_VARIABLE = YES;
				IPHONEOS_DEPLOYMENT_TARGET = 8.1;
				MTL_ENABLE_DEBUG_INFO = NO;
				SDKROOT = iphoneos;
				VALIDATE_PRODUCT = YES;
			};
			name = Release;
		};
		CF849F0E1A170ACB0074B4DA /* Debug */ = {
			isa = XCBuildConfiguration;
			buildSettings = {
				ASSETCATALOG_COMPILER_APPICON_NAME = AppIcon;
				INFOPLIST_FILE = Bikestack/Info.plist;
				LD_RUNPATH_SEARCH_PATHS = "$(inherited) @executable_path/Frameworks";
				PRODUCT_NAME = "$(TARGET_NAME)";
			};
			name = Debug;
		};
		CF849F0F1A170ACB0074B4DA /* Release */ = {
			isa = XCBuildConfiguration;
			buildSettings = {
				ASSETCATALOG_COMPILER_APPICON_NAME = AppIcon;
				INFOPLIST_FILE = Bikestack/Info.plist;
				LD_RUNPATH_SEARCH_PATHS = "$(inherited) @executable_path/Frameworks";
				PRODUCT_NAME = "$(TARGET_NAME)";
			};
			name = Release;
		};
		CF849F111A170ACB0074B4DA /* Debug */ = {
			isa = XCBuildConfiguration;
			buildSettings = {
				BUNDLE_LOADER = "$(TEST_HOST)";
				FRAMEWORK_SEARCH_PATHS = (
					"$(SDKROOT)/Developer/Library/Frameworks",
					"$(inherited)",
				);
				GCC_PREPROCESSOR_DEFINITIONS = (
					"DEBUG=1",
					"$(inherited)",
				);
				INFOPLIST_FILE = BikestackTests/Info.plist;
				LD_RUNPATH_SEARCH_PATHS = "$(inherited) @executable_path/Frameworks @loader_path/Frameworks";
				PRODUCT_NAME = "$(TARGET_NAME)";
				TEST_HOST = "$(BUILT_PRODUCTS_DIR)/Bikestack.app/Bikestack";
			};
			name = Debug;
		};
		CF849F121A170ACB0074B4DA /* Release */ = {
			isa = XCBuildConfiguration;
			buildSettings = {
				BUNDLE_LOADER = "$(TEST_HOST)";
				FRAMEWORK_SEARCH_PATHS = (
					"$(SDKROOT)/Developer/Library/Frameworks",
					"$(inherited)",
				);
				INFOPLIST_FILE = BikestackTests/Info.plist;
				LD_RUNPATH_SEARCH_PATHS = "$(inherited) @executable_path/Frameworks @loader_path/Frameworks";
				PRODUCT_NAME = "$(TARGET_NAME)";
				TEST_HOST = "$(BUILT_PRODUCTS_DIR)/Bikestack.app/Bikestack";
			};
			name = Release;
		};
/* End XCBuildConfiguration section */

/* Begin XCConfigurationList section */
		CF849EE91A170ACB0074B4DA /* Build configuration list for PBXProject "Bikestack" */ = {
			isa = XCConfigurationList;
			buildConfigurations = (
				CF849F0B1A170ACB0074B4DA /* Debug */,
				CF849F0C1A170ACB0074B4DA /* Release */,
			);
			defaultConfigurationIsVisible = 0;
			defaultConfigurationName = Release;
		};
		CF849F0D1A170ACB0074B4DA /* Build configuration list for PBXNativeTarget "Bikestack" */ = {
			isa = XCConfigurationList;
			buildConfigurations = (
				CF849F0E1A170ACB0074B4DA /* Debug */,
				CF849F0F1A170ACB0074B4DA /* Release */,
			);
			defaultConfigurationIsVisible = 0;
			defaultConfigurationName = Release;
		};
		CF849F101A170ACB0074B4DA /* Build configuration list for PBXNativeTarget "BikestackTests" */ = {
			isa = XCConfigurationList;
			buildConfigurations = (
				CF849F111A170ACB0074B4DA /* Debug */,
				CF849F121A170ACB0074B4DA /* Release */,
			);
			defaultConfigurationIsVisible = 0;
			defaultConfigurationName = Release;
		};
/* End XCConfigurationList section */
	};
	rootObject = CF849EE61A170ACB0074B4DA /* Project object */;
}
